
Microsoft Visual Studio Solution File, Format Version 12.00
# Visual Studio Version 16
VisualStudioVersion = 16.0.30523.141
MinimumVisualStudioVersion = 10.0.40219.1
Project("{FAE04EC0-301F-11D3-BF4B-00C04F79EFBC}") = "Observer.Worker", "Observer.Worker\Observer.Worker.csproj", "{BDC724BB-C0B2-4866-B793-7586998D15A1}"
EndProject
Global
	GlobalSection(SolutionConfigurationPlatforms) = preSolution
		Debug|Any CPU = Debug|Any CPU
		Release|Any CPU = Release|Any CPU
	EndGlobalSection
	GlobalSection(ProjectConfigurationPlatforms) = postSolution
		{BDC724BB-C0B2-4866-B793-7586998D15A1}.Debug|Any CPU.ActiveCfg = Debug|Any CPU
		{BDC724BB-C0B2-4866-B793-7586998D15A1}.Debug|Any CPU.Build.0 = Debug|Any CPU
		{BDC724BB-C0B2-4866-B793-7586998D15A1}.Release|Any CPU.ActiveCfg = Release|Any CPU
		{BDC724BB-C0B2-4866-B793-7586998D15A1}.Release|Any CPU.Build.0 = Release|Any CPU
	EndGlobalSection
	GlobalSection(SolutionProperties) = preSolution
		HideSolutionNode = FALSE
	EndGlobalSection
	GlobalSection(ExtensibilityGlobals) = postSolution
		SolutionGuid = {3EC51033-C3AF-4F70-9CA3-520AC3D9624A}
	EndGlobalSection
EndGlobal
